
Microsoft Visual Studio Solution File, Format Version 12.00
# Visual Studio 15
VisualStudioVersion = 15.0.26730.3
MinimumVisualStudioVersion = 10.0.40219.1
Project("{FAE04EC0-301F-11D3-BF4B-00C04F79EFBC}") = "TelasPim", "WindowsFormsApp9\TelasPim.csproj", "{93CAA78D-1711-47A3-87A3-9C03611ED3A0}"
EndProject
Global
	GlobalSection(SolutionConfigurationPlatforms) = preSolution
		Debug|Any CPU = Debug|Any CPU
		Release|Any CPU = Release|Any CPU
	EndGlobalSection
	GlobalSection(ProjectConfigurationPlatforms) = postSolution
		{93CAA78D-1711-47A3-87A3-9C03611ED3A0}.Debug|Any CPU.ActiveCfg = Debug|Any CPU
		{93CAA78D-1711-47A3-87A3-9C03611ED3A0}.Debug|Any CPU.Build.0 = Debug|Any CPU
		{93CAA78D-1711-47A3-87A3-9C03611ED3A0}.Release|Any CPU.ActiveCfg = Release|Any CPU
		{93CAA78D-1711-47A3-87A3-9C03611ED3A0}.Release|Any CPU.Build.0 = Release|Any CPU
	EndGlobalSection
	GlobalSection(SolutionProperties) = preSolution
		HideSolutionNode = FALSE
	EndGlobalSection
	GlobalSection(ExtensibilityGlobals) = postSolution
		SolutionGuid = {5176BA8E-A274-488B-9B11-C1D77B611A74}
	EndGlobalSection
EndGlobal
